{
  "name": "bare-distributable",
  "lockfileVersion": 3,
  "requires": true,
  "packages": {
    "": {
      "name": "bare-distributable",
      "license": "Apache-2.0",
      "devDependencies": {
        "cmake-bare-bundle": "^2.1.3",
        "cmake-fetch": "^1.2.0",
        "prettier": "^3.5.3",
        "prettier-config-standard": "^7.0.0"
      }
    },
    "node_modules/bare-addon-resolve": {
      "version": "1.9.3",
      "resolved": "https://registry.npmjs.org/bare-addon-resolve/-/bare-addon-resolve-1.9.3.tgz",
      "integrity": "sha512-0W343p8kVy9KimDMrxJtJct/ILWL8gzC0Wwg/Fn/GgQplHvrllyz4fPobUVG5+gx9BokWttzg8FYypQP7V5nrA==",
      "dev": true,
      "license": "Apache-2.0",
      "dependencies": {
        "bare-module-resolve": "^1.10.0",
        "bare-semver": "^1.0.0"
      },
      "peerDependencies": {
        "bare-url": "*"
      },
      "peerDependenciesMeta": {
        "bare-url": {
          "optional": true
        }
      }
    },
    "node_modules/bare-bundle": {
      "version": "1.8.3",
      "resolved": "https://registry.npmjs.org/bare-bundle/-/bare-bundle-1.8.3.tgz",
      "integrity": "sha512-tFFLAT7AdqOvEH9UrAfJAIgH7iKT9Jl0USMeU8LXVIp8cgfuHYZ8q4BMVtdUSvD6idn/gEutGMkOGDbF3q6xMQ==",
      "dev": true,
      "license": "Apache-2.0"
    },
    "node_modules/bare-bundle-compile": {
      "version": "1.2.0",
      "resolved": "https://registry.npmjs.org/bare-bundle-compile/-/bare-bundle-compile-1.2.0.tgz",
      "integrity": "sha512-spLD0AJcd6yMs69C2paISpK2OiEw6gpBYKKe9/INNUpkfJOUf2ZjMiR/NdfO3MyywU7gpDqDXYxQHNAJDXOXHw==",
      "dev": true,
      "license": "Apache-2.0",
      "peerDependencies": {
        "bare-bundle": "^1.8.0"
      }
    },
    "node_modules/bare-bundle-id": {
      "version": "1.0.0",
      "resolved": "https://registry.npmjs.org/bare-bundle-id/-/bare-bundle-id-1.0.0.tgz",
      "integrity": "sha512-HbGuXbMbZIRzUT+w2oSezyCwSUd6X/VBAOyepkVXO1JdCsvx0/Q2Kw5Fwib0ctjIGj215zVhCwhTVRFeNsdhHw==",
      "dev": true,
      "license": "Apache-2.0",
      "dependencies": {
        "sodium-native": "^4.2.1"
      },
      "peerDependencies": {
        "bare-bundle": "^1.8.0"
      }
    },
    "node_modules/bare-module-lexer": {
      "version": "1.2.0",
      "resolved": "https://registry.npmjs.org/bare-module-lexer/-/bare-module-lexer-1.2.0.tgz",
      "integrity": "sha512-FVnQGQDHOl/Krbq3djqSnOP++1+togwPu+kMB8CvPQfqCfOw35Fc9D3qXtubKCxJxk687myM3Gbev/2yAfsftg==",
      "dev": true,
      "license": "Apache-2.0",
      "dependencies": {
        "require-addon": "^1.0.2"
      },
      "peerDependencies": {
        "bare-buffer": "*"
      },
      "peerDependenciesMeta": {
        "bare-buffer": {
          "optional": true
        }
      }
    },
    "node_modules/bare-module-resolve": {
      "version": "1.10.2",
      "resolved": "https://registry.npmjs.org/bare-module-resolve/-/bare-module-resolve-1.10.2.tgz",
      "integrity": "sha512-C9COe/GhWfVXKytW3DElTkiBU+Gb2OXeaVkdGdRB/lp26TVLESHkTGS876iceAGdvtPgohfp9nX8vXHGvN3++Q==",
      "dev": true,
      "license": "Apache-2.0",
      "dependencies": {
        "bare-semver": "^1.0.0"
      },
      "peerDependencies": {
        "bare-url": "*"
      },
      "peerDependenciesMeta": {
        "bare-url": {
          "optional": true
        }
      }
    },
    "node_modules/bare-module-traverse": {
      "version": "1.4.0",
      "resolved": "https://registry.npmjs.org/bare-module-traverse/-/bare-module-traverse-1.4.0.tgz",
      "integrity": "sha512-PNaL3mtwbzht9AOjcLk4UH5opKWMRPnTQdnc5eAxP/ElBKSDcHT4d84MJCC6ANOkygg/BC18ZKmJnkGuosu2iw==",
      "dev": true,
      "license": "Apache-2.0",
      "dependencies": {
        "bare-addon-resolve": "^1.5.0",
        "bare-module-lexer": "^1.0.0",
        "bare-module-resolve": "^1.7.0"
      }
    },
    "node_modules/bare-os": {
      "version": "3.6.0",
      "resolved": "https://registry.npmjs.org/bare-os/-/bare-os-3.6.0.tgz",
      "integrity": "sha512-BUrFS5TqSBdA0LwHop4OjPJwisqxGy6JsWVqV6qaFoe965qqtaKfDzHY5T2YA1gUL0ZeeQeA+4BBc1FJTcHiPw==",
      "dev": true,
      "license": "Apache-2.0",
      "engines": {
        "bare": ">=1.14.0"
      }
    },
    "node_modules/bare-pack": {
      "version": "1.2.4",
      "resolved": "https://registry.npmjs.org/bare-pack/-/bare-pack-1.2.4.tgz",
      "integrity": "sha512-Q5xz50QSRzyfCExJgYb+oVhB8ECV9ibl1D5DAZtnkRp1fBpFtpOcYCdQhXWUb2Igj/sBsOVggvooYya3pVf3qw==",
      "dev": true,
      "license": "Apache-2.0",
      "dependencies": {
        "bare-bundle": "^1.8.3",
        "bare-bundle-id": "^1.0.0",
        "bare-module-traverse": "^1.3.0",
        "paparam": "^1.5.0",
        "promaphore": "^1.0.0"
      },
      "bin": {
        "bare-pack": "bin.js"
      }
    },
    "node_modules/bare-path": {
      "version": "3.0.0",
      "resolved": "https://registry.npmjs.org/bare-path/-/bare-path-3.0.0.tgz",
      "integrity": "sha512-tyfW2cQcB5NN8Saijrhqn0Zh7AnFNsnczRcuWODH0eYAXBsJ5gVxAUuNr7tsHSC6IZ77cA0SitzT+s47kot8Mw==",
      "dev": true,
      "license": "Apache-2.0",
      "dependencies": {
        "bare-os": "^3.0.1"
      }
    },
    "node_modules/bare-semver": {
      "version": "1.0.1",
      "resolved": "https://registry.npmjs.org/bare-semver/-/bare-semver-1.0.1.tgz",
      "integrity": "sha512-UtggzHLiTrmFOC/ogQ+Hy7VfoKoIwrP1UFcYtTxoCUdLtsIErT8+SWtOC2DH/snT9h+xDrcBEPcwKei1mzemgg==",
      "dev": true,
      "license": "Apache-2.0"
    },
    "node_modules/bare-url": {
      "version": "2.1.3",
      "resolved": "https://registry.npmjs.org/bare-url/-/bare-url-2.1.3.tgz",
      "integrity": "sha512-c02+eKvn/4esh5E2lSYQFwHL1WoTIL3u3NeFqb9e7ahBVENXw13MWx4/4/wdPyI557GqqB2Cm0bBbOXD0I0qgA==",
      "dev": true,
      "license": "Apache-2.0",
      "dependencies": {
        "bare-path": "^3.0.0"
      }
    },
    "node_modules/cmake-bare": {
      "version": "1.5.3",
      "resolved": "https://registry.npmjs.org/cmake-bare/-/cmake-bare-1.5.3.tgz",
      "integrity": "sha512-f1gpn/fIprGbs97FFNBhAUOLH4p1M4hZVN9ISVoFSml1hJB5q3bPptgXGVUH0HFGawWVEoVpIlxkqfwAh1QlzA==",
      "dev": true,
      "license": "Apache-2.0",
      "dependencies": {
        "cmake-npm": "^1.1.0"
      }
    },
    "node_modules/cmake-bare-bundle": {
      "version": "2.1.3",
      "resolved": "https://registry.npmjs.org/cmake-bare-bundle/-/cmake-bare-bundle-2.1.3.tgz",
      "integrity": "sha512-qwk+8f+ggVanpU8JRfriaRO0Yc+Qvs8eEiyRJIo5Xn9pICg+O8yM2/ZTEXbHFYrlYAosj6DXBprFDpmkKFWfsQ==",
      "dev": true,
      "license": "Apache-2.0",
      "dependencies": {
        "bare-bundle": "^1.8.0",
        "bare-bundle-compile": "^1.0.0",
        "bare-module-traverse": "^1.2.4",
        "bare-pack": "^1.0.0",
        "cmake-bare": "^1.1.4",
        "include-static": "^1.1.0"
      }
    },
    "node_modules/cmake-fetch": {
      "version": "1.4.0",
      "resolved": "https://registry.npmjs.org/cmake-fetch/-/cmake-fetch-1.4.0.tgz",
      "integrity": "sha512-R8MhQyAUL1M9Eu9fawUtPxRlSo1LX374KAYIheHhBDcp5kI+s5BwMLVQTVHDjaKr17JiulRqYR8SuTc1Nvd4MA==",
      "dev": true,
      "license": "Apache-2.0"
    },
    "node_modules/cmake-npm": {
      "version": "1.1.0",
      "resolved": "https://registry.npmjs.org/cmake-npm/-/cmake-npm-1.1.0.tgz",
      "integrity": "sha512-+mM1ykb4k0bSR5afW0LcVLEf1rd00o95m8PeotnCfXcsnEQ++TKrf86noO4G9uLGrvgKi9kD1BJvaZyN4G8CDw==",
      "dev": true,
      "license": "Apache-2.0"
    },
    "node_modules/include-static": {
      "version": "1.1.0",
      "resolved": "https://registry.npmjs.org/include-static/-/include-static-1.1.0.tgz",
      "integrity": "sha512-1lAeUDHVfCUFcL84pDPFto5kzNY6uOYENJumGAmFdQQEvgsL7pprNYLWTaLyKo014IXVNtF5adDaSezu6XZWLA==",
      "dev": true,
      "license": "MIT",
      "bin": {
        "include-static": "bin.js"
      }
    },
    "node_modules/paparam": {
      "version": "1.8.0",
      "resolved": "https://registry.npmjs.org/paparam/-/paparam-1.8.0.tgz",
      "integrity": "sha512-0U8gpE2n7UJq14krU42P6CLCLYLtNdpbjC0ycJR2jIM6kWp94jkMMqayxOyK+8ZZsa8/agOaBTmj5BfmzRW5nQ==",
      "dev": true,
      "license": "Apache-2.0"
    },
    "node_modules/prettier": {
      "version": "3.5.3",
      "resolved": "https://registry.npmjs.org/prettier/-/prettier-3.5.3.tgz",
      "integrity": "sha512-QQtaxnoDJeAkDvDKWCLiwIXkTgRhwYDEQCghU9Z6q03iyek/rxRh/2lC3HB7P8sWT2xC/y5JDctPLBIGzHKbhw==",
      "dev": true,
      "license": "MIT",
      "bin": {
        "prettier": "bin/prettier.cjs"
      },
      "engines": {
        "node": ">=14"
      },
      "funding": {
        "url": "https://github.com/prettier/prettier?sponsor=1"
      }
    },
    "node_modules/prettier-config-standard": {
      "version": "7.0.0",
      "resolved": "https://registry.npmjs.org/prettier-config-standard/-/prettier-config-standard-7.0.0.tgz",
      "integrity": "sha512-NgZy4TYupJR6aMMuV/Aqs0ONnVhlFT8PXVkYRskxREq8EUhJHOddVfBxPV6fWpgcASpJSgvvhVLk0CBO5M3Hvw==",
      "dev": true,
      "license": "BSD-3-Clause",
      "peerDependencies": {
        "prettier": "^2.6.0 || ^3.0.0"
      }
    },
    "node_modules/promaphore": {
      "version": "1.0.0",
      "resolved": "https://registry.npmjs.org/promaphore/-/promaphore-1.0.0.tgz",
      "integrity": "sha512-Eg8401+KJddVvDULkpy8bR964GMX8xMPegL6NdxTeBH2Wa3L86cZlEHizbkFJikr5u+E3wFoR5dLWJ+1OPyEfw==",
      "dev": true,
      "license": "MIT"
    },
    "node_modules/require-addon": {
      "version": "1.1.0",
      "resolved": "https://registry.npmjs.org/require-addon/-/require-addon-1.1.0.tgz",
      "integrity": "sha512-KbXAD5q2+v1GJnkzd8zzbOxchTkStSyJZ9QwoCq3QwEXAaIlG3wDYRZGzVD357jmwaGY7hr5VaoEAL0BkF0Kvg==",
      "dev": true,
      "license": "Apache-2.0",
      "dependencies": {
        "bare-addon-resolve": "^1.3.0",
        "bare-url": "^2.1.0"
      },
      "engines": {
        "bare": ">=1.10.0"
      }
    },
    "node_modules/sodium-native": {
      "version": "4.3.3",
      "resolved": "https://registry.npmjs.org/sodium-native/-/sodium-native-4.3.3.tgz",
      "integrity": "sha512-OnxSlN3uyY8D0EsLHpmm2HOFmKddQVvEMmsakCrXUzSd8kjjbzL413t4ZNF3n0UxSwNgwTyUvkmZHTfuCeiYSw==",
      "dev": true,
      "license": "MIT",
      "dependencies": {
        "require-addon": "^1.1.0"
      }
    }
  }
}
